# This file was autogenerated by Stack.
# You should not edit this file by hand.
# For more information, please see the documentation at:
#   https://docs.haskellstack.org/en/stable/lock_files

packages:
- completed:
    hackage: shh-0.7.1.4@sha256:3cad21cec2f387aa315d9564fea13a2b141f1a461b452418aa595828030011d3,2275
    pantry-tree:
      size: 581
      sha256: 744f67a57e11086f84f7a15a9d25b2721464b70af2287a8052caa0b79766e45e
  original:
    hackage: shh-0.7.1.4@sha256:3cad21cec2f387aa315d9564fea13a2b141f1a461b452418aa595828030011d3,2275
snapshots:
- completed:
    size: 586268
    url: https://raw.githubusercontent.com/commercialhaskell/stackage-snapshots/master/lts/18/13.yaml
    sha256: d9e658a22cfe8d87a64fdf219885f942fef5fe2bcb156a9800174911c5da2443
  original:
    url: https://raw.githubusercontent.com/commercialhaskell/stackage-snapshots/master/lts/18/13.yaml
